
Microsoft Visual Studio Solution File, Format Version 12.00
# Visual Studio Version 17
VisualStudioVersion = 17.3.32819.101
MinimumVisualStudioVersion = 10.0.40219.1
Project("{9A19103F-16F7-4668-BE54-9A1E7A4F7556}") = "IoTEdgeObjectModel", "IoTEdgeObjectModel.csproj", "{DF672C7D-A955-4620-9FC6-C5B6E4C67AE7}"
EndProject
Global
	GlobalSection(SolutionConfigurationPlatforms) = preSolution
		Debug|Any CPU = Debug|Any CPU
		Release|Any CPU = Release|Any CPU
	EndGlobalSection
	GlobalSection(ProjectConfigurationPlatforms) = postSolution
		{DF672C7D-A955-4620-9FC6-C5B6E4C67AE7}.Debug|Any CPU.ActiveCfg = Debug|Any CPU
		{DF672C7D-A955-4620-9FC6-C5B6E4C67AE7}.Debug|Any CPU.Build.0 = Debug|Any CPU
		{DF672C7D-A955-4620-9FC6-C5B6E4C67AE7}.Release|Any CPU.ActiveCfg = Release|Any CPU
		{DF672C7D-A955-4620-9FC6-C5B6E4C67AE7}.Release|Any CPU.Build.0 = Release|Any CPU
	EndGlobalSection
	GlobalSection(SolutionProperties) = preSolution
		HideSolutionNode = FALSE
	EndGlobalSection
	GlobalSection(ExtensibilityGlobals) = postSolution
		SolutionGuid = {0F52F5D1-B961-4589-84E4-DF3B39CB61C9}
	EndGlobalSection
EndGlobal
